
Microsoft Visual Studio Solution File, Format Version 12.00
# Visual Studio Version 17
VisualStudioVersion = 17.0.32112.339
MinimumVisualStudioVersion = 10.0.40219.1
Project("{9A19103F-16F7-4668-BE54-9A1E7A4F7556}") = "Final Project", "Final Project.csproj", "{A364D758-3A59-4E31-AB68-DAB0C83240B6}"
EndProject
Global
	GlobalSection(SolutionConfigurationPlatforms) = preSolution
		Debug|Any CPU = Debug|Any CPU
		Release|Any CPU = Release|Any CPU
	EndGlobalSection
	GlobalSection(ProjectConfigurationPlatforms) = postSolution
		{A364D758-3A59-4E31-AB68-DAB0C83240B6}.Debug|Any CPU.ActiveCfg = Debug|Any CPU
		{A364D758-3A59-4E31-AB68-DAB0C83240B6}.Debug|Any CPU.Build.0 = Debug|Any CPU
		{A364D758-3A59-4E31-AB68-DAB0C83240B6}.Release|Any CPU.ActiveCfg = Release|Any CPU
		{A364D758-3A59-4E31-AB68-DAB0C83240B6}.Release|Any CPU.Build.0 = Release|Any CPU
	EndGlobalSection
	GlobalSection(SolutionProperties) = preSolution
		HideSolutionNode = FALSE
	EndGlobalSection
	GlobalSection(ExtensibilityGlobals) = postSolution
		SolutionGuid = {7FB4D5B9-EBD9-443F-A3BB-E8136D72D507}
	EndGlobalSection
EndGlobal
